// !$*UTF8*$!
{
	archiveVersion = 1;
	classes = {
	};
	objectVersion = 50;
	objects = {

/* Begin PBXBuildFile section */
		1B60473224EE78230000E2FF /* AppDelegate.swift in Sources */ = {isa = PBXBuildFile; fileRef = 1B60473124EE78230000E2FF /* AppDelegate.swift */; };
		1B60473424EE78230000E2FF /* SceneDelegate.swift in Sources */ = {isa = PBXBuildFile; fileRef = 1B60473324EE78230000E2FF /* SceneDelegate.swift */; };
		1B60473624EE78230000E2FF /* ViewController.swift in Sources */ = {isa = PBXBuildFile; fileRef = 1B60473524EE78230000E2FF /* ViewController.swift */; };
		1B60473924EE78230000E2FF /* Main.storyboard in Resources */ = {isa = PBXBuildFile; fileRef = 1B60473724EE78230000E2FF /* Main.storyboard */; };
		1B60473B24EE78250000E2FF /* Assets.xcassets in Resources */ = {isa = PBXBuildFile; fileRef = 1B60473A24EE78250000E2FF /* Assets.xcassets */; };
		1B60473E24EE78250000E2FF /* LaunchScreen.storyboard in Resources */ = {isa = PBXBuildFile; fileRef = 1B60473C24EE78250000E2FF /* LaunchScreen.storyboard */; };
		1B60474424EE784E0000E2FF /* Render.swift in Sources */ = {isa = PBXBuildFile; fileRef = 1B60474324EE784E0000E2FF /* Render.swift */; };
		1B60474C24EF757C0000E2FF /* AppDelegate.swift in Sources */ = {isa = PBXBuildFile; fileRef = 1B60474B24EF757C0000E2FF /* AppDelegate.swift */; };
		1B60474E24EF757C0000E2FF /* SceneDelegate.swift in Sources */ = {isa = PBXBuildFile; fileRef = 1B60474D24EF757C0000E2FF /* SceneDelegate.swift */; };
		1B60475024EF757C0000E2FF /* ViewController.swift in Sources */ = {isa = PBXBuildFile; fileRef = 1B60474F24EF757C0000E2FF /* ViewController.swift */; };
		1B60475324EF757C0000E2FF /* Main.storyboard in Resources */ = {isa = PBXBuildFile; fileRef = 1B60475124EF757C0000E2FF /* Main.storyboard */; };
		1B60475524EF757E0000E2FF /* Assets.xcassets in Resources */ = {isa = PBXBuildFile; fileRef = 1B60475424EF757E0000E2FF /* Assets.xcassets */; };
		1B60475824EF757E0000E2FF /* LaunchScreen.storyboard in Resources */ = {isa = PBXBuildFile; fileRef = 1B60475624EF757E0000E2FF /* LaunchScreen.storyboard */; };
		1B60475F24EF75A30000E2FF /* Render.swift in Sources */ = {isa = PBXBuildFile; fileRef = 1B60475E24EF75A30000E2FF /* Render.swift */; };
		1B60476324EF77610000E2FF /* Shaders.metal in Sources */ = {isa = PBXBuildFile; fileRef = 1B60476224EF77610000E2FF /* Shaders.metal */; };
		1BBCC7A524F8A416005FD640 /* AppDelegate.swift in Sources */ = {isa = PBXBuildFile; fileRef = 1BBCC7A424F8A416005FD640 /* AppDelegate.swift */; };
		1BBCC7A724F8A416005FD640 /* SceneDelegate.swift in Sources */ = {isa = PBXBuildFile; fileRef = 1BBCC7A624F8A416005FD640 /* SceneDelegate.swift */; };
		1BBCC7A924F8A416005FD640 /* ViewController.swift in Sources */ = {isa = PBXBuildFile; fileRef = 1BBCC7A824F8A416005FD640 /* ViewController.swift */; };
		1BBCC7AC24F8A416005FD640 /* Main.storyboard in Resources */ = {isa = PBXBuildFile; fileRef = 1BBCC7AA24F8A416005FD640 /* Main.storyboard */; };
		1BBCC7AE24F8A418005FD640 /* Assets.xcassets in Resources */ = {isa = PBXBuildFile; fileRef = 1BBCC7AD24F8A418005FD640 /* Assets.xcassets */; };
		1BBCC7B124F8A418005FD640 /* LaunchScreen.storyboard in Resources */ = {isa = PBXBuildFile; fileRef = 1BBCC7AF24F8A418005FD640 /* LaunchScreen.storyboard */; };
		1BBCC7B824F8A44E005FD640 /* Render.swift in Sources */ = {isa = PBXBuildFile; fileRef = 1BBCC7B724F8A44E005FD640 /* Render.swift */; };
		1BBCC7BB24F8A46D005FD640 /* Shaders.metal in Sources */ = {isa = PBXBuildFile; fileRef = 1BBCC7BA24F8A46D005FD640 /* Shaders.metal */; };
/* End PBXBuildFile section */

/* Begin PBXFileReference section */
		1B60472F24EE78230000E2FF /* 001_Color.app */ = {isa = PBXFileReference; explicitFileType = wrapper.application; includeInIndex = 0; path = 001_Color.app; sourceTree = BUILT_PRODUCTS_DIR; };
		1B60473124EE78230000E2FF /* AppDelegate.swift */ = {isa = PBXFileReference; lastKnownFileType = sourcecode.swift; path = AppDelegate.swift; sourceTree = "<group>"; };
		1B60473324EE78230000E2FF /* SceneDelegate.swift */ = {isa = PBXFileReference; lastKnownFileType = sourcecode.swift; path = SceneDelegate.swift; sourceTree = "<group>"; };
		1B60473524EE78230000E2FF /* ViewController.swift */ = {isa = PBXFileReference; lastKnownFileType = sourcecode.swift; path = ViewController.swift; sourceTree = "<group>"; };
		1B60473824EE78230000E2FF /* Base */ = {isa = PBXFileReference; lastKnownFileType = file.storyboard; name = Base; path = Base.lproj/Main.storyboard; sourceTree = "<group>"; };
		1B60473A24EE78250000E2FF /* Assets.xcassets */ = {isa = PBXFileReference; lastKnownFileType = folder.assetcatalog; path = Assets.xcassets; sourceTree = "<group>"; };
		1B60473D24EE78250000E2FF /* Base */ = {isa = PBXFileReference; lastKnownFileType = file.storyboard; name = Base; path = Base.lproj/LaunchScreen.storyboard; sourceTree = "<group>"; };
		1B60473F24EE78250000E2FF /* Info.plist */ = {isa = PBXFileReference; lastKnownFileType = text.plist.xml; path = Info.plist; sourceTree = "<group>"; };
		1B60474324EE784E0000E2FF /* Render.swift */ = {isa = PBXFileReference; lastKnownFileType = sourcecode.swift; path = Render.swift; sourceTree = "<group>"; };
		1B60474924EF757C0000E2FF /* 002_Triangle.app */ = {isa = PBXFileReference; explicitFileType = wrapper.application; includeInIndex = 0; path = 002_Triangle.app; sourceTree = BUILT_PRODUCTS_DIR; };
		1B60474B24EF757C0000E2FF /* AppDelegate.swift */ = {isa = PBXFileReference; lastKnownFileType = sourcecode.swift; path = AppDelegate.swift; sourceTree = "<group>"; };
		1B60474D24EF757C0000E2FF /* SceneDelegate.swift */ = {isa = PBXFileReference; lastKnownFileType = sourcecode.swift; path = SceneDelegate.swift; sourceTree = "<group>"; };
		1B60474F24EF757C0000E2FF /* ViewController.swift */ = {isa = PBXFileReference; lastKnownFileType = sourcecode.swift; path = ViewController.swift; sourceTree = "<group>"; };
		1B60475224EF757C0000E2FF /* Base */ = {isa = PBXFileReference; lastKnownFileType = file.storyboard; name = Base; path = Base.lproj/Main.storyboard; sourceTree = "<group>"; };
		1B60475424EF757E0000E2FF /* Assets.xcassets */ = {isa = PBXFileReference; lastKnownFileType = folder.assetcatalog; path = Assets.xcassets; sourceTree = "<group>"; };
		1B60475724EF757E0000E2FF /* Base */ = {isa = PBXFileReference; lastKnownFileType = file.storyboard; name = Base; path = Base.lproj/LaunchScreen.storyboard; sourceTree = "<group>"; };
		1B60475924EF757E0000E2FF /* Info.plist */ = {isa = PBXFileReference; lastKnownFileType = text.plist.xml; path = Info.plist; sourceTree = "<group>"; };
		1B60475E24EF75A30000E2FF /* Render.swift */ = {isa = PBXFileReference; lastKnownFileType = sourcecode.swift; path = Render.swift; sourceTree = "<group>"; };
		1B60476224EF77610000E2FF /* Shaders.metal */ = {isa = PBXFileReference; lastKnownFileType = sourcecode.metal; path = Shaders.metal; sourceTree = "<group>"; };
		1B60476624EFA9A90000E2FF /* ShaderTypes.h */ = {isa = PBXFileReference; lastKnownFileType = sourcecode.c.h; path = ShaderTypes.h; sourceTree = "<group>"; };
		1B60476724EFC8410000E2FF /* 002_Triangle-Bridging-Header.h */ = {isa = PBXFileReference; lastKnownFileType = sourcecode.c.h; path = "002_Triangle-Bridging-Header.h"; sourceTree = "<group>"; };
		1BBCC7A224F8A416005FD640 /* 003_BaseBuffer.app */ = {isa = PBXFileReference; explicitFileType = wrapper.application; includeInIndex = 0; path = 003_BaseBuffer.app; sourceTree = BUILT_PRODUCTS_DIR; };
		1BBCC7A424F8A416005FD640 /* AppDelegate.swift */ = {isa = PBXFileReference; lastKnownFileType = sourcecode.swift; path = AppDelegate.swift; sourceTree = "<group>"; };
		1BBCC7A624F8A416005FD640 /* SceneDelegate.swift */ = {isa = PBXFileReference; lastKnownFileType = sourcecode.swift; path = SceneDelegate.swift; sourceTree = "<group>"; };
		1BBCC7A824F8A416005FD640 /* ViewController.swift */ = {isa = PBXFileReference; lastKnownFileType = sourcecode.swift; path = ViewController.swift; sourceTree = "<group>"; };
		1BBCC7AB24F8A416005FD640 /* Base */ = {isa = PBXFileReference; lastKnownFileType = file.storyboard; name = Base; path = Base.lproj/Main.storyboard; sourceTree = "<group>"; };
		1BBCC7AD24F8A418005FD640 /* Assets.xcassets */ = {isa = PBXFileReference; lastKnownFileType = folder.assetcatalog; path = Assets.xcassets; sourceTree = "<group>"; };
		1BBCC7B024F8A418005FD640 /* Base */ = {isa = PBXFileReference; lastKnownFileType = file.storyboard; name = Base; path = Base.lproj/LaunchScreen.storyboard; sourceTree = "<group>"; };
		1BBCC7B224F8A418005FD640 /* Info.plist */ = {isa = PBXFileReference; lastKnownFileType = text.plist.xml; path = Info.plist; sourceTree = "<group>"; };
		1BBCC7B724F8A44E005FD640 /* Render.swift */ = {isa = PBXFileReference; lastKnownFileType = sourcecode.swift; path = Render.swift; sourceTree = "<group>"; };
		1BBCC7B924F8A461005FD640 /* ShaderTypes.h */ = {isa = PBXFileReference; lastKnownFileType = sourcecode.c.h; path = ShaderTypes.h; sourceTree = "<group>"; };
		1BBCC7BA24F8A46D005FD640 /* Shaders.metal */ = {isa = PBXFileReference; lastKnownFileType = sourcecode.metal; path = Shaders.metal; sourceTree = "<group>"; };
		1BC0717624FCF633004CCAF2 /* 003_BaseBuffer-Bridging-Header.h */ = {isa = PBXFileReference; lastKnownFileType = sourcecode.c.h; path = "003_BaseBuffer-Bridging-Header.h"; sourceTree = "<group>"; };
/* End PBXFileReference section */

/* Begin PBXFrameworksBuildPhase section */
		1B60472C24EE78230000E2FF /* Frameworks */ = {
			isa = PBXFrameworksBuildPhase;
			buildActionMask = 2147483647;
			files = (
			);
			runOnlyForDeploymentPostprocessing = 0;
		};
		1B60474624EF757C0000E2FF /* Frameworks */ = {
			isa = PBXFrameworksBuildPhase;
			buildActionMask = 2147483647;
			files = (
			);
			runOnlyForDeploymentPostprocessing = 0;
		};
		1BBCC79F24F8A416005FD640 /* Frameworks */ = {
			isa = PBXFrameworksBuildPhase;
			buildActionMask = 2147483647;
			files = (
			);
			runOnlyForDeploymentPostprocessing = 0;
		};
/* End PBXFrameworksBuildPhase section */

/* Begin PBXGroup section */
		1B60470924EE73380000E2FF = {
			isa = PBXGroup;
			children = (
				1B60473024EE78230000E2FF /* 001_Color */,
				1B60474A24EF757C0000E2FF /* 002_Triangle */,
				1BBCC7A324F8A416005FD640 /* 003_BaseBuffer */,
				1B60471324EE73380000E2FF /* Products */,
			);
			sourceTree = "<group>";
		};
		1B60471324EE73380000E2FF /* Products */ = {
			isa = PBXGroup;
			children = (
				1B60472F24EE78230000E2FF /* 001_Color.app */,
				1B60474924EF757C0000E2FF /* 002_Triangle.app */,
				1BBCC7A224F8A416005FD640 /* 003_BaseBuffer.app */,
			);
			name = Products;
			sourceTree = "<group>";
		};
		1B60473024EE78230000E2FF /* 001_Color */ = {
			isa = PBXGroup;
			children = (
				1B60473124EE78230000E2FF /* AppDelegate.swift */,
				1B60473324EE78230000E2FF /* SceneDelegate.swift */,
				1B60473524EE78230000E2FF /* ViewController.swift */,
				1B60474324EE784E0000E2FF /* Render.swift */,
				1B60473724EE78230000E2FF /* Main.storyboard */,
				1B60473A24EE78250000E2FF /* Assets.xcassets */,
				1B60473C24EE78250000E2FF /* LaunchScreen.storyboard */,
				1B60473F24EE78250000E2FF /* Info.plist */,
			);
			path = 001_Color;
			sourceTree = "<group>";
		};
		1B60474A24EF757C0000E2FF /* 002_Triangle */ = {
			isa = PBXGroup;
			children = (
				1B60474B24EF757C0000E2FF /* AppDelegate.swift */,
				1B60474D24EF757C0000E2FF /* SceneDelegate.swift */,
				1B60474F24EF757C0000E2FF /* ViewController.swift */,
				1B60475D24EF75940000E2FF /* Render */,
				1B60475124EF757C0000E2FF /* Main.storyboard */,
				1B60475424EF757E0000E2FF /* Assets.xcassets */,
				1B60475624EF757E0000E2FF /* LaunchScreen.storyboard */,
				1B60475924EF757E0000E2FF /* Info.plist */,
				1B60476724EFC8410000E2FF /* 002_Triangle-Bridging-Header.h */,
			);
			path = 002_Triangle;
			sourceTree = "<group>";
		};
		1B60475D24EF75940000E2FF /* Render */ = {
			isa = PBXGroup;
			children = (
				1B60475E24EF75A30000E2FF /* Render.swift */,
				1B60476224EF77610000E2FF /* Shaders.metal */,
				1B60476624EFA9A90000E2FF /* ShaderTypes.h */,
			);
			path = Render;
			sourceTree = "<group>";
		};
		1BBCC7A324F8A416005FD640 /* 003_BaseBuffer */ = {
			isa = PBXGroup;
			children = (
				1BBCC7A424F8A416005FD640 /* AppDelegate.swift */,
				1BBCC7A624F8A416005FD640 /* SceneDelegate.swift */,
				1BBCC7A824F8A416005FD640 /* ViewController.swift */,
				1BBCC7B624F8A439005FD640 /* Render */,
				1BBCC7AA24F8A416005FD640 /* Main.storyboard */,
				1BBCC7AD24F8A418005FD640 /* Assets.xcassets */,
				1BBCC7AF24F8A418005FD640 /* LaunchScreen.storyboard */,
				1BBCC7B224F8A418005FD640 /* Info.plist */,
			);
			path = 003_BaseBuffer;
			sourceTree = "<group>";
		};
		1BBCC7B624F8A439005FD640 /* Render */ = {
			isa = PBXGroup;
			children = (
				1BBCC7B724F8A44E005FD640 /* Render.swift */,
				1BBCC7B924F8A461005FD640 /* ShaderTypes.h */,
				1BBCC7BA24F8A46D005FD640 /* Shaders.metal */,
				1BC0717624FCF633004CCAF2 /* 003_BaseBuffer-Bridging-Header.h */,
			);
			path = Render;
			sourceTree = "<group>";
		};
/* End PBXGroup section */

/* Begin PBXNativeTarget section */
		1B60472E24EE78230000E2FF /* 001_Color */ = {
			isa = PBXNativeTarget;
			buildConfigurationList = 1B60474024EE78250000E2FF /* Build configuration list for PBXNativeTarget "001_Color" */;
			buildPhases = (
				1B60472B24EE78230000E2FF /* Sources */,
				1B60472C24EE78230000E2FF /* Frameworks */,
				1B60472D24EE78230000E2FF /* Resources */,
			);
			buildRules = (
			);
			dependencies = (
			);
			name = 001_Color;
			productName = 001_Color;
			productReference = 1B60472F24EE78230000E2FF /* 001_Color.app */;
			productType = "com.apple.product-type.application";
		};
		1B60474824EF757C0000E2FF /* 002_Triangle */ = {
			isa = PBXNativeTarget;
			buildConfigurationList = 1B60475A24EF757E0000E2FF /* Build configuration list for PBXNativeTarget "002_Triangle" */;
			buildPhases = (
				1B60474524EF757C0000E2FF /* Sources */,
				1B60474624EF757C0000E2FF /* Frameworks */,
				1B60474724EF757C0000E2FF /* Resources */,
			);
			buildRules = (
			);
			dependencies = (
			);
			name = 002_Triangle;
			productName = 002_Triangle;
			productReference = 1B60474924EF757C0000E2FF /* 002_Triangle.app */;
			productType = "com.apple.product-type.application";
		};
		1BBCC7A124F8A416005FD640 /* 003_BaseBuffer */ = {
			isa = PBXNativeTarget;
			buildConfigurationList = 1BBCC7B324F8A418005FD640 /* Build configuration list for PBXNativeTarget "003_BaseBuffer" */;
			buildPhases = (
				1BBCC79E24F8A416005FD640 /* Sources */,
				1BBCC79F24F8A416005FD640 /* Frameworks */,
				1BBCC7A024F8A416005FD640 /* Resources */,
			);
			buildRules = (
			);
			dependencies = (
			);
			name = 003_BaseBuffer;
			productName = 003_BaseBuffer;
			productReference = 1BBCC7A224F8A416005FD640 /* 003_BaseBuffer.app */;
			productType = "com.apple.product-type.application";
		};
/* End PBXNativeTarget section */

/* Begin PBXProject section */
		1B60470A24EE73380000E2FF /* Project object */ = {
			isa = PBXProject;
			attributes = {
				LastSwiftUpdateCheck = 1160;
				LastUpgradeCheck = 1160;
				ORGANIZATIONNAME = zsq;
				TargetAttributes = {
					1B60472E24EE78230000E2FF = {
						CreatedOnToolsVersion = 11.6;
					};
					1B60474824EF757C0000E2FF = {
						CreatedOnToolsVersion = 11.6;
						LastSwiftMigration = 1160;
					};
					1BBCC7A124F8A416005FD640 = {
						CreatedOnToolsVersion = 11.6;
						LastSwiftMigration = 1160;
					};
				};
			};
			buildConfigurationList = 1B60470D24EE73380000E2FF /* Build configuration list for PBXProject "Metal_Demo" */;
			compatibilityVersion = "Xcode 9.3";
			developmentRegion = en;
			hasScannedForEncodings = 0;
			knownRegions = (
				en,
				Base,
			);
			mainGroup = 1B60470924EE73380000E2FF;
			productRefGroup = 1B60471324EE73380000E2FF /* Products */;
			projectDirPath = "";
			projectRoot = "";
			targets = (
				1B60472E24EE78230000E2FF /* 001_Color */,
				1B60474824EF757C0000E2FF /* 002_Triangle */,
				1BBCC7A124F8A416005FD640 /* 003_BaseBuffer */,
			);
		};
/* End PBXProject section */

/* Begin PBXResourcesBuildPhase section */
		1B60472D24EE78230000E2FF /* Resources */ = {
			isa = PBXResourcesBuildPhase;
			buildActionMask = 2147483647;
			files = (
				1B60473E24EE78250000E2FF /* LaunchScreen.storyboard in Resources */,
				1B60473B24EE78250000E2FF /* Assets.xcassets in Resources */,
				1B60473924EE78230000E2FF /* Main.storyboard in Resources */,
			);
			runOnlyForDeploymentPostprocessing = 0;
		};
		1B60474724EF757C0000E2FF /* Resources */ = {
			isa = PBXResourcesBuildPhase;
			buildActionMask = 2147483647;
			files = (
				1B60475824EF757E0000E2FF /* LaunchScreen.storyboard in Resources */,
				1B60475524EF757E0000E2FF /* Assets.xcassets in Resources */,
				1B60475324EF757C0000E2FF /* Main.storyboard in Resources */,
			);
			runOnlyForDeploymentPostprocessing = 0;
		};
		1BBCC7A024F8A416005FD640 /* Resources */ = {
			isa = PBXResourcesBuildPhase;
			buildActionMask = 2147483647;
			files = (
				1BBCC7B124F8A418005FD640 /* LaunchScreen.storyboard in Resources */,
				1BBCC7AE24F8A418005FD640 /* Assets.xcassets in Resources */,
				1BBCC7AC24F8A416005FD640 /* Main.storyboard in Resources */,
			);
			runOnlyForDeploymentPostprocessing = 0;
		};
/* End PBXResourcesBuildPhase section */

/* Begin PBXSourcesBuildPhase section */
		1B60472B24EE78230000E2FF /* Sources */ = {
			isa = PBXSourcesBuildPhase;
			buildActionMask = 2147483647;
			files = (
				1B60473624EE78230000E2FF /* ViewController.swift in Sources */,
				1B60473224EE78230000E2FF /* AppDelegate.swift in Sources */,
				1B60473424EE78230000E2FF /* SceneDelegate.swift in Sources */,
				1B60474424EE784E0000E2FF /* Render.swift in Sources */,
			);
			runOnlyForDeploymentPostprocessing = 0;
		};
		1B60474524EF757C0000E2FF /* Sources */ = {
			isa = PBXSourcesBuildPhase;
			buildActionMask = 2147483647;
			files = (
				1B60476324EF77610000E2FF /* Shaders.metal in Sources */,
				1B60475024EF757C0000E2FF /* ViewController.swift in Sources */,
				1B60474C24EF757C0000E2FF /* AppDelegate.swift in Sources */,
				1B60474E24EF757C0000E2FF /* SceneDelegate.swift in Sources */,
				1B60475F24EF75A30000E2FF /* Render.swift in Sources */,
			);
			runOnlyForDeploymentPostprocessing = 0;
		};
		1BBCC79E24F8A416005FD640 /* Sources */ = {
			isa = PBXSourcesBuildPhase;
			buildActionMask = 2147483647;
			files = (
				1BBCC7A924F8A416005FD640 /* ViewController.swift in Sources */,
				1BBCC7A524F8A416005FD640 /* AppDelegate.swift in Sources */,
				1BBCC7A724F8A416005FD640 /* SceneDelegate.swift in Sources */,
				1BBCC7B824F8A44E005FD640 /* Render.swift in Sources */,
				1BBCC7BB24F8A46D005FD640 /* Shaders.metal in Sources */,
			);
			runOnlyForDeploymentPostprocessing = 0;
		};
/* End PBXSourcesBuildPhase section */

/* Begin PBXVariantGroup section */
		1B60473724EE78230000E2FF /* Main.storyboard */ = {
			isa = PBXVariantGroup;
			children = (
				1B60473824EE78230000E2FF /* Base */,
			);
			name = Main.storyboard;
			sourceTree = "<group>";
		};
		1B60473C24EE78250000E2FF /* LaunchScreen.storyboard */ = {
			isa = PBXVariantGroup;
			children = (
				1B60473D24EE78250000E2FF /* Base */,
			);
			name = LaunchScreen.storyboard;
			sourceTree = "<group>";
		};
		1B60475124EF757C0000E2FF /* Main.storyboard */ = {
			isa = PBXVariantGroup;
			children = (
				1B60475224EF757C0000E2FF /* Base */,
			);
			name = Main.storyboard;
			sourceTree = "<group>";
		};
		1B60475624EF757E0000E2FF /* LaunchScreen.storyboard */ = {
			isa = PBXVariantGroup;
			children = (
				1B60475724EF757E0000E2FF /* Base */,
			);
			name = LaunchScreen.storyboard;
			sourceTree = "<group>";
		};
		1BBCC7AA24F8A416005FD640 /* Main.storyboard */ = {
			isa = PBXVariantGroup;
			children = (
				1BBCC7AB24F8A416005FD640 /* Base */,
			);
			name = Main.storyboard;
			sourceTree = "<group>";
		};
		1BBCC7AF24F8A418005FD640 /* LaunchScreen.storyboard */ = {
			isa = PBXVariantGroup;
			children = (
				1BBCC7B024F8A418005FD640 /* Base */,
			);
			name = LaunchScreen.storyboard;
			sourceTree = "<group>";
		};
/* End PBXVariantGroup section */

/* Begin XCBuildConfiguration section */
		1B60472424EE733B0000E2FF /* Debug */ = {
			isa = XCBuildConfiguration;
			buildSettings = {
				ALWAYS_SEARCH_USER_PATHS = NO;
				CLANG_ANALYZER_NONNULL = YES;
				CLANG_ANALYZER_NUMBER_OBJECT_CONVERSION = YES_AGGRESSIVE;
				CLANG_CXX_LANGUAGE_STANDARD = "gnu++14";
				CLANG_CXX_LIBRARY = "libc++";
				CLANG_ENABLE_MODULES = YES;
				CLANG_ENABLE_OBJC_ARC = YES;
				CLANG_ENABLE_OBJC_WEAK = YES;
				CLANG_WARN_BLOCK_CAPTURE_AUTORELEASING = YES;
				CLANG_WARN_BOOL_CONVERSION = YES;
				CLANG_WARN_COMMA = YES;
				CLANG_WARN_CONSTANT_CONVERSION = YES;
				CLANG_WARN_DEPRECATED_OBJC_IMPLEMENTATIONS = YES;
				CLANG_WARN_DIRECT_OBJC_ISA_USAGE = YES_ERROR;
				CLANG_WARN_DOCUMENTATION_COMMENTS = YES;
				CLANG_WARN_EMPTY_BODY = YES;
				CLANG_WARN_ENUM_CONVERSION = YES;
				CLANG_WARN_INFINITE_RECURSION = YES;
				CLANG_WARN_INT_CONVERSION = YES;
				CLANG_WARN_NON_LITERAL_NULL_CONVERSION = YES;
				CLANG_WARN_OBJC_IMPLICIT_RETAIN_SELF = YES;
				CLANG_WARN_OBJC_LITERAL_CONVERSION = YES;
				CLANG_WARN_OBJC_ROOT_CLASS = YES_ERROR;
				CLANG_WARN_RANGE_LOOP_ANALYSIS = YES;
				CLANG_WARN_STRICT_PROTOTYPES = YES;
				CLANG_WARN_SUSPICIOUS_MOVE = YES;
				CLANG_WARN_UNGUARDED_AVAILABILITY = YES_AGGRESSIVE;
				CLANG_WARN_UNREACHABLE_CODE = YES;
				CLANG_WARN__DUPLICATE_METHOD_MATCH = YES;
				COPY_PHASE_STRIP = NO;
				DEBUG_INFORMATION_FORMAT = dwarf;
				ENABLE_STRICT_OBJC_MSGSEND = YES;
				ENABLE_TESTABILITY = YES;
				GCC_C_LANGUAGE_STANDARD = gnu11;
				GCC_DYNAMIC_NO_PIC = NO;
				GCC_NO_COMMON_BLOCKS = YES;
				GCC_OPTIMIZATION_LEVEL = 0;
				GCC_PREPROCESSOR_DEFINITIONS = (
					"DEBUG=1",
					"$(inherited)",
				);
				GCC_WARN_64_TO_32_BIT_CONVERSION = YES;
				GCC_WARN_ABOUT_RETURN_TYPE = YES_ERROR;
				GCC_WARN_UNDECLARED_SELECTOR = YES;
				GCC_WARN_UNINITIALIZED_AUTOS = YES_AGGRESSIVE;
				GCC_WARN_UNUSED_FUNCTION = YES;
				GCC_WARN_UNUSED_VARIABLE = YES;
				IPHONEOS_DEPLOYMENT_TARGET = 13.0;
				MTL_ENABLE_DEBUG_INFO = INCLUDE_SOURCE;
				MTL_FAST_MATH = YES;
				ONLY_ACTIVE_ARCH = YES;
				SDKROOT = iphoneos;
				SWIFT_ACTIVE_COMPILATION_CONDITIONS = DEBUG;
				SWIFT_OPTIMIZATION_LEVEL = "-Onone";
			};
			name = Debug;
		};
		1B60472524EE733B0000E2FF /* Release */ = {
			isa = XCBuildConfiguration;
			buildSettings = {
				ALWAYS_SEARCH_USER_PATHS = NO;
				CLANG_ANALYZER_NONNULL = YES;
				CLANG_ANALYZER_NUMBER_OBJECT_CONVERSION = YES_AGGRESSIVE;
				CLANG_CXX_LANGUAGE_STANDARD = "gnu++14";
				CLANG_CXX_LIBRARY = "libc++";
				CLANG_ENABLE_MODULES = YES;
				CLANG_ENABLE_OBJC_ARC = YES;
				CLANG_ENABLE_OBJC_WEAK = YES;
				CLANG_WARN_BLOCK_CAPTURE_AUTORELEASING = YES;
				CLANG_WARN_BOOL_CONVERSION = YES;
				CLANG_WARN_COMMA = YES;
				CLANG_WARN_CONSTANT_CONVERSION = YES;
				CLANG_WARN_DEPRECATED_OBJC_IMPLEMENTATIONS = YES;
				CLANG_WARN_DIRECT_OBJC_ISA_USAGE = YES_ERROR;
				CLANG_WARN_DOCUMENTATION_COMMENTS = YES;
				CLANG_WARN_EMPTY_BODY = YES;
				CLANG_WARN_ENUM_CONVERSION = YES;
				CLANG_WARN_INFINITE_RECURSION = YES;
				CLANG_WARN_INT_CONVERSION = YES;
				CLANG_WARN_NON_LITERAL_NULL_CONVERSION = YES;
				CLANG_WARN_OBJC_IMPLICIT_RETAIN_SELF = YES;
				CLANG_WARN_OBJC_LITERAL_CONVERSION = YES;
				CLANG_WARN_OBJC_ROOT_CLASS = YES_ERROR;
				CLANG_WARN_RANGE_LOOP_ANALYSIS = YES;
				CLANG_WARN_STRICT_PROTOTYPES = YES;
				CLANG_WARN_SUSPICIOUS_MOVE = YES;
				CLANG_WARN_UNGUARDED_AVAILABILITY = YES_AGGRESSIVE;
				CLANG_WARN_UNREACHABLE_CODE = YES;
				CLANG_WARN__DUPLICATE_METHOD_MATCH = YES;
				COPY_PHASE_STRIP = NO;
				DEBUG_INFORMATION_FORMAT = "dwarf-with-dsym";
				ENABLE_NS_ASSERTIONS = NO;
				ENABLE_STRICT_OBJC_MSGSEND = YES;
				GCC_C_LANGUAGE_STANDARD = gnu11;
				GCC_NO_COMMON_BLOCKS = YES;
				GCC_WARN_64_TO_32_BIT_CONVERSION = YES;
				GCC_WARN_ABOUT_RETURN_TYPE = YES_ERROR;
				GCC_WARN_UNDECLARED_SELECTOR = YES;
				GCC_WARN_UNINITIALIZED_AUTOS = YES_AGGRESSIVE;
				GCC_WARN_UNUSED_FUNCTION = YES;
				GCC_WARN_UNUSED_VARIABLE = YES;
				IPHONEOS_DEPLOYMENT_TARGET = 13.0;
				MTL_ENABLE_DEBUG_INFO = NO;
				MTL_FAST_MATH = YES;
				SDKROOT = iphoneos;
				SWIFT_COMPILATION_MODE = wholemodule;
				SWIFT_OPTIMIZATION_LEVEL = "-O";
				VALIDATE_PRODUCT = YES;
			};
			name = Release;
		};
		1B60474124EE78250000E2FF /* Debug */ = {
			isa = XCBuildConfiguration;
			buildSettings = {
				ASSETCATALOG_COMPILER_APPICON_NAME = AppIcon;
				CODE_SIGN_STYLE = Automatic;
				DEVELOPMENT_TEAM = 87G4VVJARE;
				INFOPLIST_FILE = 001_Color/Info.plist;
				LD_RUNPATH_SEARCH_PATHS = (
					"$(inherited)",
					"@executable_path/Frameworks",
				);
				PRODUCT_BUNDLE_IDENTIFIER = "com.jiuyueqiji.-01-Color";
				PRODUCT_NAME = "$(TARGET_NAME)";
				SWIFT_VERSION = 5.0;
				TARGETED_DEVICE_FAMILY = "1,2";
			};
			name = Debug;
		};
		1B60474224EE78250000E2FF /* Release */ = {
			isa = XCBuildConfiguration;
			buildSettings = {
				ASSETCATALOG_COMPILER_APPICON_NAME = AppIcon;
				CODE_SIGN_STYLE = Automatic;
				DEVELOPMENT_TEAM = 87G4VVJARE;
				INFOPLIST_FILE = 001_Color/Info.plist;
				LD_RUNPATH_SEARCH_PATHS = (
					"$(inherited)",
					"@executable_path/Frameworks",
				);
				PRODUCT_BUNDLE_IDENTIFIER = "com.jiuyueqiji.-01-Color";
				PRODUCT_NAME = "$(TARGET_NAME)";
				SWIFT_VERSION = 5.0;
				TARGETED_DEVICE_FAMILY = "1,2";
			};
			name = Release;
		};
		1B60475B24EF757E0000E2FF /* Debug */ = {
			isa = XCBuildConfiguration;
			buildSettings = {
				ASSETCATALOG_COMPILER_APPICON_NAME = AppIcon;
				CLANG_ENABLE_MODULES = YES;
				CODE_SIGN_IDENTITY = "iPhone Developer";
				CODE_SIGN_STYLE = Manual;
				DEVELOPMENT_TEAM = 87G4VVJARE;
				INFOPLIST_FILE = 002_Triangle/Info.plist;
				IPHONEOS_DEPLOYMENT_TARGET = 13.0;
				LD_RUNPATH_SEARCH_PATHS = (
					"$(inherited)",
					"@executable_path/Frameworks",
				);
				PRODUCT_BUNDLE_IDENTIFIER = "com.jiuyueqiji.-02-Triangle";
				PRODUCT_NAME = "$(TARGET_NAME)";
				PROVISIONING_PROFILE_SPECIFIER = Wildcard;
				SWIFT_OBJC_BRIDGING_HEADER = "002_Triangle/002_Triangle-Bridging-Header.h";
				SWIFT_OPTIMIZATION_LEVEL = "-Onone";
				SWIFT_VERSION = 5.0;
				TARGETED_DEVICE_FAMILY = "1,2";
			};
			name = Debug;
		};
		1B60475C24EF757E0000E2FF /* Release */ = {
			isa = XCBuildConfiguration;
			buildSettings = {
				ASSETCATALOG_COMPILER_APPICON_NAME = AppIcon;
				CLANG_ENABLE_MODULES = YES;
				CODE_SIGN_IDENTITY = "iPhone Developer";
				CODE_SIGN_STYLE = Manual;
				DEVELOPMENT_TEAM = 87G4VVJARE;
				INFOPLIST_FILE = 002_Triangle/Info.plist;
				IPHONEOS_DEPLOYMENT_TARGET = 13.0;
				LD_RUNPATH_SEARCH_PATHS = (
					"$(inherited)",
					"@executable_path/Frameworks",
				);
				PRODUCT_BUNDLE_IDENTIFIER = "com.jiuyueqiji.-02-Triangle";
				PRODUCT_NAME = "$(TARGET_NAME)";
				PROVISIONING_PROFILE_SPECIFIER = Wildcard;
				SWIFT_OBJC_BRIDGING_HEADER = "002_Triangle/002_Triangle-Bridging-Header.h";
				SWIFT_VERSION = 5.0;
				TARGETED_DEVICE_FAMILY = "1,2";
			};
			name = Release;
		};
		1BBCC7B424F8A418005FD640 /* Debug */ = {
			isa = XCBuildConfiguration;
			buildSettings = {
				ASSETCATALOG_COMPILER_APPICON_NAME = AppIcon;
				CLANG_ENABLE_MODULES = YES;
				CODE_SIGN_IDENTITY = "Apple Development";
				CODE_SIGN_STYLE = Automatic;
				DEVELOPMENT_TEAM = "";
				INFOPLIST_FILE = 003_BaseBuffer/Info.plist;
				IPHONEOS_DEPLOYMENT_TARGET = 13.0;
				LD_RUNPATH_SEARCH_PATHS = (
					"$(inherited)",
					"@executable_path/Frameworks",
				);
				PRODUCT_BUNDLE_IDENTIFIER = "com.zsq.-03-BaseBuffer";
				PRODUCT_NAME = "$(TARGET_NAME)";
				PROVISIONING_PROFILE_SPECIFIER = "";
				SWIFT_OBJC_BRIDGING_HEADER = "003_BaseBuffer/Render/003_BaseBuffer-Bridging-Header.h";
				SWIFT_OPTIMIZATION_LEVEL = "-Onone";
				SWIFT_VERSION = 5.0;
				TARGETED_DEVICE_FAMILY = "1,2";
			};
			name = Debug;
		};
		1BBCC7B524F8A418005FD640 /* Release */ = {
			isa = XCBuildConfiguration;
			buildSettings = {
				ASSETCATALOG_COMPILER_APPICON_NAME = AppIcon;
				CLANG_ENABLE_MODULES = YES;
				CODE_SIGN_IDENTITY = "Apple Development";
				CODE_SIGN_STYLE = Automatic;
				DEVELOPMENT_TEAM = "";
				INFOPLIST_FILE = 003_BaseBuffer/Info.plist;
				IPHONEOS_DEPLOYMENT_TARGET = 13.0;
				LD_RUNPATH_SEARCH_PATHS = (
					"$(inherited)",
					"@executable_path/Frameworks",
				);
				PRODUCT_BUNDLE_IDENTIFIER = "com.zsq.-03-BaseBuffer";
				PRODUCT_NAME = "$(TARGET_NAME)";
				PROVISIONING_PROFILE_SPECIFIER = "";
				SWIFT_OBJC_BRIDGING_HEADER = "003_BaseBuffer/Render/003_BaseBuffer-Bridging-Header.h";
				SWIFT_VERSION = 5.0;
				TARGETED_DEVICE_FAMILY = "1,2";
			};
			name = Release;
		};
/* End XCBuildConfiguration section */

/* Begin XCConfigurationList section */
		1B60470D24EE73380000E2FF /* Build configuration list for PBXProject "Metal_Demo" */ = {
			isa = XCConfigurationList;
			buildConfigurations = (
				1B60472424EE733B0000E2FF /* Debug */,
				1B60472524EE733B0000E2FF /* Release */,
			);
			defaultConfigurationIsVisible = 0;
			defaultConfigurationName = Release;
		};
		1B60474024EE78250000E2FF /* Build configuration list for PBXNativeTarget "001_Color" */ = {
			isa = XCConfigurationList;
			buildConfigurations = (
				1B60474124EE78250000E2FF /* Debug */,
				1B60474224EE78250000E2FF /* Release */,
			);
			defaultConfigurationIsVisible = 0;
			defaultConfigurationName = Release;
		};
		1B60475A24EF757E0000E2FF /* Build configuration list for PBXNativeTarget "002_Triangle" */ = {
			isa = XCConfigurationList;
			buildConfigurations = (
				1B60475B24EF757E0000E2FF /* Debug */,
				1B60475C24EF757E0000E2FF /* Release */,
			);
			defaultConfigurationIsVisible = 0;
			defaultConfigurationName = Release;
		};
		1BBCC7B324F8A418005FD640 /* Build configuration list for PBXNativeTarget "003_BaseBuffer" */ = {
			isa = XCConfigurationList;
			buildConfigurations = (
				1BBCC7B424F8A418005FD640 /* Debug */,
				1BBCC7B524F8A418005FD640 /* Release */,
			);
			defaultConfigurationIsVisible = 0;
			defaultConfigurationName = Release;
		};
/* End XCConfigurationList section */
	};
	rootObject = 1B60470A24EE73380000E2FF /* Project object */;
}
